# THIS IS AN AUTOGENERATED FILE. DO NOT EDIT THIS FILE DIRECTLY.
# yarn lockfile v1


create-next-app@^13.4.4:
  version "13.4.4"
  resolved "https://registry.yarnpkg.com/create-next-app/-/create-next-app-13.4.4.tgz#2a49e0d92e8d78f1f6d4c2b1409329dc9a9f9b76"
  integrity sha512-jRAR62cFctRXxuRjhURGFxUMv/qcW1rSgshrurn6/5AWxOFGzLeaCsNhuwQWLbT5T0mCecR5LMUVH9QduW33Qw==
